// !$*UTF8*$!
{
	archiveVersion = 1;
	classes = {
	};
	objectVersion = 50;
	objects = {

/* Begin PBXBuildFile section */
		66B87EEAB3C388DE637B8A8C /* Pods_GitHubExplorer.framework in Frameworks */ = {isa = PBXBuildFile; fileRef = 83138161B43D9535F3ECCEB1 /* Pods_GitHubExplorer.framework */; };
		A51BCEB422722A99009B30DC /* GitHubExplorerTests.swift in Sources */ = {isa = PBXBuildFile; fileRef = A51BCEB322722A99009B30DC /* GitHubExplorerTests.swift */; };
		A564D4E722722CD200031AFC /* UITableView+Actions.swift in Sources */ = {isa = PBXBuildFile; fileRef = A564D4B722722CD200031AFC /* UITableView+Actions.swift */; };
		A564D4E822722CD200031AFC /* UITableView+CellViewDataModel.swift in Sources */ = {isa = PBXBuildFile; fileRef = A564D4B822722CD200031AFC /* UITableView+CellViewDataModel.swift */; };
		A564D4E922722CD200031AFC /* UITableViewCell+Reusable.swift in Sources */ = {isa = PBXBuildFile; fileRef = A564D4BA22722CD200031AFC /* UITableViewCell+Reusable.swift */; };
		A564D4EA22722CD200031AFC /* UITableViewHeaderFooterView+Reusable.swift in Sources */ = {isa = PBXBuildFile; fileRef = A564D4BC22722CD200031AFC /* UITableViewHeaderFooterView+Reusable.swift */; };
		A564D4EB22722CD200031AFC /* UITableView+Registration.swift in Sources */ = {isa = PBXBuildFile; fileRef = A564D4BD22722CD200031AFC /* UITableView+Registration.swift */; };
		A564D4EC22722CD200031AFC /* UICollectionView+Reusable.swift in Sources */ = {isa = PBXBuildFile; fileRef = A564D4BF22722CD200031AFC /* UICollectionView+Reusable.swift */; };
		A564D4ED22722CD200031AFC /* UICollectionView+CellViewDataModel.swift in Sources */ = {isa = PBXBuildFile; fileRef = A564D4C022722CD200031AFC /* UICollectionView+CellViewDataModel.swift */; };
		A564D4EE22722CD200031AFC /* UICollectionReusableView+Reusable.swift in Sources */ = {isa = PBXBuildFile; fileRef = A564D4C222722CD200031AFC /* UICollectionReusableView+Reusable.swift */; };
		A564D4EF22722CD200031AFC /* UICollectionView+Actions.swift in Sources */ = {isa = PBXBuildFile; fileRef = A564D4C322722CD200031AFC /* UICollectionView+Actions.swift */; };
		A564D4F022722CD200031AFC /* UICollectionView+Registration.swift in Sources */ = {isa = PBXBuildFile; fileRef = A564D4C422722CD200031AFC /* UICollectionView+Registration.swift */; };
		A564D4F122722CD200031AFC /* UICollectionView+Extensions.swift in Sources */ = {isa = PBXBuildFile; fileRef = A564D4C522722CD200031AFC /* UICollectionView+Extensions.swift */; };
		A564D4F222722CD200031AFC /* UIView+IBInspecteble.swift in Sources */ = {isa = PBXBuildFile; fileRef = A564D4C722722CD200031AFC /* UIView+IBInspecteble.swift */; };
		A564D4F322722CD200031AFC /* UIView+NibLoad.swift in Sources */ = {isa = PBXBuildFile; fileRef = A564D4C822722CD200031AFC /* UIView+NibLoad.swift */; };
		A564D4F422722CD200031AFC /* UIView+Nib.swift in Sources */ = {isa = PBXBuildFile; fileRef = A564D4C922722CD200031AFC /* UIView+Nib.swift */; };
		A564D4F522722CD200031AFC /* ActionView.swift in Sources */ = {isa = PBXBuildFile; fileRef = A564D4CB22722CD200031AFC /* ActionView.swift */; };
		A564D4F622722CD200031AFC /* Reusable.swift in Sources */ = {isa = PBXBuildFile; fileRef = A564D4CC22722CD200031AFC /* Reusable.swift */; };
		A564D4F722722CD200031AFC /* Closure+Extensions.swift in Sources */ = {isa = PBXBuildFile; fileRef = A564D4CE22722CD200031AFC /* Closure+Extensions.swift */; };
		A564D4F822722CD200031AFC /* AppDelegate.swift in Sources */ = {isa = PBXBuildFile; fileRef = A564D4CF22722CD200031AFC /* AppDelegate.swift */; };
		A564D4F922722CD200031AFC /* AnyViewDataModel.swift in Sources */ = {isa = PBXBuildFile; fileRef = A564D4D222722CD200031AFC /* AnyViewDataModel.swift */; };
		A564D4FA22722CD200031AFC /* DisplayDataCollection.swift in Sources */ = {isa = PBXBuildFile; fileRef = A564D4D322722CD200031AFC /* DisplayDataCollection.swift */; };
		A564D4FB22722CD200031AFC /* Assets.xcassets in Resources */ = {isa = PBXBuildFile; fileRef = A564D4DC22722CD200031AFC /* Assets.xcassets */; };
		A564D4FC22722CD200031AFC /* LaunchScreen.storyboard in Resources */ = {isa = PBXBuildFile; fileRef = A564D4DD22722CD200031AFC /* LaunchScreen.storyboard */; };
		A564D4FD22722CD200031AFC /* Main.storyboard in Resources */ = {isa = PBXBuildFile; fileRef = A564D4DF22722CD200031AFC /* Main.storyboard */; };
		A564D50122722E0D00031AFC /* FlowCoordinator.swift in Sources */ = {isa = PBXBuildFile; fileRef = A564D50022722E0D00031AFC /* FlowCoordinator.swift */; };
		A564D50322722E1A00031AFC /* ObservableContext.swift in Sources */ = {isa = PBXBuildFile; fileRef = A564D50222722E1A00031AFC /* ObservableContext.swift */; };
		A564D53F2272318200031AFC /* ExploreGitHubFlowCoordinator.swift in Sources */ = {isa = PBXBuildFile; fileRef = A564D52C2272318200031AFC /* ExploreGitHubFlowCoordinator.swift */; };
		A564D5402272318200031AFC /* GitHubUserDetailViewController.swift in Sources */ = {isa = PBXBuildFile; fileRef = A564D52F2272318200031AFC /* GitHubUserDetailViewController.swift */; };
		A564D5412272318200031AFC /* GitHubUserDetailViewModel.swift in Sources */ = {isa = PBXBuildFile; fileRef = A564D5302272318200031AFC /* GitHubUserDetailViewModel.swift */; };
		A564D5422272318200031AFC /* GitHubUserDetailViewController.xib in Resources */ = {isa = PBXBuildFile; fileRef = A564D5312272318200031AFC /* GitHubUserDetailViewController.xib */; };
		A564D5432272318200031AFC /* ExploreGitHubDisplayCollection.swift in Sources */ = {isa = PBXBuildFile; fileRef = A564D5342272318200031AFC /* ExploreGitHubDisplayCollection.swift */; };
		A564D5442272318200031AFC /* ExploreGitHubViewController.swift in Sources */ = {isa = PBXBuildFile; fileRef = A564D5352272318200031AFC /* ExploreGitHubViewController.swift */; };
		A564D5452272318200031AFC /* ExploreGitHubViewController.xib in Resources */ = {isa = PBXBuildFile; fileRef = A564D5362272318200031AFC /* ExploreGitHubViewController.xib */; };
		A564D5462272318200031AFC /* ExploreGitHubViewModel.swift in Sources */ = {isa = PBXBuildFile; fileRef = A564D5372272318200031AFC /* ExploreGitHubViewModel.swift */; };
		A564D5472272318200031AFC /* MainFlowCoordinator.swift in Sources */ = {isa = PBXBuildFile; fileRef = A564D53A2272318200031AFC /* MainFlowCoordinator.swift */; };
		A564D5482272318200031AFC /* MainFlowContext.swift in Sources */ = {isa = PBXBuildFile; fileRef = A564D53B2272318200031AFC /* MainFlowContext.swift */; };
		A564D5492272318200031AFC /* MainViewController.swift in Sources */ = {isa = PBXBuildFile; fileRef = A564D53D2272318200031AFC /* MainViewController.swift */; };
		A564D54A2272318200031AFC /* MainViewModel.swift in Sources */ = {isa = PBXBuildFile; fileRef = A564D53E2272318200031AFC /* MainViewModel.swift */; };
		A5A8DA6E227231D600CF4ACD /* ExploreGitHubFlowContext.swift in Sources */ = {isa = PBXBuildFile; fileRef = A5A8DA6D227231D600CF4ACD /* ExploreGitHubFlowContext.swift */; };
		A5A8DA702272320A00CF4ACD /* SearchResponseModel.swift in Sources */ = {isa = PBXBuildFile; fileRef = A5A8DA6F2272320A00CF4ACD /* SearchResponseModel.swift */; };
		A5A8DA722272321E00CF4ACD /* SearchItemModel.swift in Sources */ = {isa = PBXBuildFile; fileRef = A5A8DA712272321E00CF4ACD /* SearchItemModel.swift */; };
		A5A8DA742272324000CF4ACD /* GitHubSearchService.swift in Sources */ = {isa = PBXBuildFile; fileRef = A5A8DA732272324000CF4ACD /* GitHubSearchService.swift */; };
		A5A8DA772272328200CF4ACD /* ExploreGitHubTableCell.swift in Sources */ = {isa = PBXBuildFile; fileRef = A5A8DA762272328200CF4ACD /* ExploreGitHubTableCell.swift */; };
		A5A8DA79227232B400CF4ACD /* ExploreGitHubTableItemDataModel.swift in Sources */ = {isa = PBXBuildFile; fileRef = A5A8DA78227232B400CF4ACD /* ExploreGitHubTableItemDataModel.swift */; };
		A5A8DA7B227232E600CF4ACD /* ExploreGitHubTableCell.xib in Resources */ = {isa = PBXBuildFile; fileRef = A5A8DA7A227232E600CF4ACD /* ExploreGitHubTableCell.xib */; };
		A5A8DA7D2272427400CF4ACD /* UserItemModel.swift in Sources */ = {isa = PBXBuildFile; fileRef = A5A8DA7C2272427400CF4ACD /* UserItemModel.swift */; };
		DE4853A404ABA5ACECAA6BE5 /* Pods_GitHubExplorerTests.framework in Frameworks */ = {isa = PBXBuildFile; fileRef = 016B22B4A95A99E2DE95F091 /* Pods_GitHubExplorerTests.framework */; };
/* End PBXBuildFile section */

/* Begin PBXContainerItemProxy section */
		A51BCEB022722A99009B30DC /* PBXContainerItemProxy */ = {
			isa = PBXContainerItemProxy;
			containerPortal = A51BCE9322722A96009B30DC /* Project object */;
			proxyType = 1;
			remoteGlobalIDString = A51BCE9A22722A96009B30DC;
			remoteInfo = GitHubExplorer;
		};
/* End PBXContainerItemProxy section */

/* Begin PBXFileReference section */
		016B22B4A95A99E2DE95F091 /* Pods_GitHubExplorerTests.framework */ = {isa = PBXFileReference; explicitFileType = wrapper.framework; includeInIndex = 0; path = Pods_GitHubExplorerTests.framework; sourceTree = BUILT_PRODUCTS_DIR; };
		83138161B43D9535F3ECCEB1 /* Pods_GitHubExplorer.framework */ = {isa = PBXFileReference; explicitFileType = wrapper.framework; includeInIndex = 0; path = Pods_GitHubExplorer.framework; sourceTree = BUILT_PRODUCTS_DIR; };
		9FEE14F0CE9838CA07C62B36 /* Pods-GitHubExplorerTests.release.xcconfig */ = {isa = PBXFileReference; includeInIndex = 1; lastKnownFileType = text.xcconfig; name = "Pods-GitHubExplorerTests.release.xcconfig"; path = "Pods/Target Support Files/Pods-GitHubExplorerTests/Pods-GitHubExplorerTests.release.xcconfig"; sourceTree = "<group>"; };
		A51BCE9B22722A97009B30DC /* GitHubExplorer.app */ = {isa = PBXFileReference; explicitFileType = wrapper.application; includeInIndex = 0; path = GitHubExplorer.app; sourceTree = BUILT_PRODUCTS_DIR; };
		A51BCEAF22722A99009B30DC /* GitHubExplorerTests.xctest */ = {isa = PBXFileReference; explicitFileType = wrapper.cfbundle; includeInIndex = 0; path = GitHubExplorerTests.xctest; sourceTree = BUILT_PRODUCTS_DIR; };
		A51BCEB322722A99009B30DC /* GitHubExplorerTests.swift */ = {isa = PBXFileReference; lastKnownFileType = sourcecode.swift; path = GitHubExplorerTests.swift; sourceTree = "<group>"; };
		A51BCEB522722A99009B30DC /* Info.plist */ = {isa = PBXFileReference; lastKnownFileType = text.plist.xml; path = Info.plist; sourceTree = "<group>"; };
		A564D4B722722CD200031AFC /* UITableView+Actions.swift */ = {isa = PBXFileReference; fileEncoding = 4; lastKnownFileType = sourcecode.swift; path = "UITableView+Actions.swift"; sourceTree = "<group>"; };
		A564D4B822722CD200031AFC /* UITableView+CellViewDataModel.swift */ = {isa = PBXFileReference; fileEncoding = 4; lastKnownFileType = sourcecode.swift; path = "UITableView+CellViewDataModel.swift"; sourceTree = "<group>"; };
		A564D4BA22722CD200031AFC /* UITableViewCell+Reusable.swift */ = {isa = PBXFileReference; fileEncoding = 4; lastKnownFileType = sourcecode.swift; path = "UITableViewCell+Reusable.swift"; sourceTree = "<group>"; };
		A564D4BC22722CD200031AFC /* UITableViewHeaderFooterView+Reusable.swift */ = {isa = PBXFileReference; fileEncoding = 4; lastKnownFileType = sourcecode.swift; path = "UITableViewHeaderFooterView+Reusable.swift"; sourceTree = "<group>"; };
		A564D4BD22722CD200031AFC /* UITableView+Registration.swift */ = {isa = PBXFileReference; fileEncoding = 4; lastKnownFileType = sourcecode.swift; path = "UITableView+Registration.swift"; sourceTree = "<group>"; };
		A564D4BF22722CD200031AFC /* UICollectionView+Reusable.swift */ = {isa = PBXFileReference; fileEncoding = 4; lastKnownFileType = sourcecode.swift; path = "UICollectionView+Reusable.swift"; sourceTree = "<group>"; };
		A564D4C022722CD200031AFC /* UICollectionView+CellViewDataModel.swift */ = {isa = PBXFileReference; fileEncoding = 4; lastKnownFileType = sourcecode.swift; path = "UICollectionView+CellViewDataModel.swift"; sourceTree = "<group>"; };
		A564D4C222722CD200031AFC /* UICollectionReusableView+Reusable.swift */ = {isa = PBXFileReference; fileEncoding = 4; lastKnownFileType = sourcecode.swift; path = "UICollectionReusableView+Reusable.swift"; sourceTree = "<group>"; };
		A564D4C322722CD200031AFC /* UICollectionView+Actions.swift */ = {isa = PBXFileReference; fileEncoding = 4; lastKnownFileType = sourcecode.swift; path = "UICollectionView+Actions.swift"; sourceTree = "<group>"; };
		A564D4C422722CD200031AFC /* UICollectionView+Registration.swift */ = {isa = PBXFileReference; fileEncoding = 4; lastKnownFileType = sourcecode.swift; path = "UICollectionView+Registration.swift"; sourceTree = "<group>"; };
		A564D4C522722CD200031AFC /* UICollectionView+Extensions.swift */ = {isa = PBXFileReference; fileEncoding = 4; lastKnownFileType = sourcecode.swift; path = "UICollectionView+Extensions.swift"; sourceTree = "<group>"; };
		A564D4C722722CD200031AFC /* UIView+IBInspecteble.swift */ = {isa = PBXFileReference; fileEncoding = 4; lastKnownFileType = sourcecode.swift; path = "UIView+IBInspecteble.swift"; sourceTree = "<group>"; };
		A564D4C822722CD200031AFC /* UIView+NibLoad.swift */ = {isa = PBXFileReference; fileEncoding = 4; lastKnownFileType = sourcecode.swift; path = "UIView+NibLoad.swift"; sourceTree = "<group>"; };
		A564D4C922722CD200031AFC /* UIView+Nib.swift */ = {isa = PBXFileReference; fileEncoding = 4; lastKnownFileType = sourcecode.swift; path = "UIView+Nib.swift"; sourceTree = "<group>"; };
		A564D4CB22722CD200031AFC /* ActionView.swift */ = {isa = PBXFileReference; fileEncoding = 4; lastKnownFileType = sourcecode.swift; path = ActionView.swift; sourceTree = "<group>"; };
		A564D4CC22722CD200031AFC /* Reusable.swift */ = {isa = PBXFileReference; fileEncoding = 4; lastKnownFileType = sourcecode.swift; path = Reusable.swift; sourceTree = "<group>"; };
		A564D4CE22722CD200031AFC /* Closure+Extensions.swift */ = {isa = PBXFileReference; fileEncoding = 4; lastKnownFileType = sourcecode.swift; path = "Closure+Extensions.swift"; sourceTree = "<group>"; };
		A564D4CF22722CD200031AFC /* AppDelegate.swift */ = {isa = PBXFileReference; fileEncoding = 4; lastKnownFileType = sourcecode.swift; path = AppDelegate.swift; sourceTree = "<group>"; };
		A564D4D222722CD200031AFC /* AnyViewDataModel.swift */ = {isa = PBXFileReference; fileEncoding = 4; lastKnownFileType = sourcecode.swift; path = AnyViewDataModel.swift; sourceTree = "<group>"; };
		A564D4D322722CD200031AFC /* DisplayDataCollection.swift */ = {isa = PBXFileReference; fileEncoding = 4; lastKnownFileType = sourcecode.swift; path = DisplayDataCollection.swift; sourceTree = "<group>"; };
		A564D4DC22722CD200031AFC /* Assets.xcassets */ = {isa = PBXFileReference; lastKnownFileType = folder.assetcatalog; path = Assets.xcassets; sourceTree = "<group>"; };
		A564D4DE22722CD200031AFC /* Base */ = {isa = PBXFileReference; lastKnownFileType = file.storyboard; name = Base; path = Base.lproj/LaunchScreen.storyboard; sourceTree = "<group>"; };
		A564D4E022722CD200031AFC /* Base */ = {isa = PBXFileReference; lastKnownFileType = file.storyboard; name = Base; path = Base.lproj/Main.storyboard; sourceTree = "<group>"; };
		A564D4E122722CD200031AFC /* Info.plist */ = {isa = PBXFileReference; fileEncoding = 4; lastKnownFileType = text.plist.xml; path = Info.plist; sourceTree = "<group>"; };
		A564D50022722E0D00031AFC /* FlowCoordinator.swift */ = {isa = PBXFileReference; lastKnownFileType = sourcecode.swift; path = FlowCoordinator.swift; sourceTree = "<group>"; };
		A564D50222722E1A00031AFC /* ObservableContext.swift */ = {isa = PBXFileReference; lastKnownFileType = sourcecode.swift; path = ObservableContext.swift; sourceTree = "<group>"; };
		A564D52C2272318200031AFC /* ExploreGitHubFlowCoordinator.swift */ = {isa = PBXFileReference; fileEncoding = 4; lastKnownFileType = sourcecode.swift; path = ExploreGitHubFlowCoordinator.swift; sourceTree = "<group>"; };
		A564D52F2272318200031AFC /* GitHubUserDetailViewController.swift */ = {isa = PBXFileReference; fileEncoding = 4; lastKnownFileType = sourcecode.swift; path = GitHubUserDetailViewController.swift; sourceTree = "<group>"; };
		A564D5302272318200031AFC /* GitHubUserDetailViewModel.swift */ = {isa = PBXFileReference; fileEncoding = 4; lastKnownFileType = sourcecode.swift; path = GitHubUserDetailViewModel.swift; sourceTree = "<group>"; };
		A564D5312272318200031AFC /* GitHubUserDetailViewController.xib */ = {isa = PBXFileReference; fileEncoding = 4; lastKnownFileType = file.xib; path = GitHubUserDetailViewController.xib; sourceTree = "<group>"; };
		A564D5342272318200031AFC /* ExploreGitHubDisplayCollection.swift */ = {isa = PBXFileReference; fileEncoding = 4; lastKnownFileType = sourcecode.swift; path = ExploreGitHubDisplayCollection.swift; sourceTree = "<group>"; };
		A564D5352272318200031AFC /* ExploreGitHubViewController.swift */ = {isa = PBXFileReference; fileEncoding = 4; lastKnownFileType = sourcecode.swift; path = ExploreGitHubViewController.swift; sourceTree = "<group>"; };
		A564D5362272318200031AFC /* ExploreGitHubViewController.xib */ = {isa = PBXFileReference; fileEncoding = 4; lastKnownFileType = file.xib; path = ExploreGitHubViewController.xib; sourceTree = "<group>"; };
		A564D5372272318200031AFC /* ExploreGitHubViewModel.swift */ = {isa = PBXFileReference; fileEncoding = 4; lastKnownFileType = sourcecode.swift; path = ExploreGitHubViewModel.swift; sourceTree = "<group>"; };
		A564D53A2272318200031AFC /* MainFlowCoordinator.swift */ = {isa = PBXFileReference; fileEncoding = 4; lastKnownFileType = sourcecode.swift; path = MainFlowCoordinator.swift; sourceTree = "<group>"; };
		A564D53B2272318200031AFC /* MainFlowContext.swift */ = {isa = PBXFileReference; fileEncoding = 4; lastKnownFileType = sourcecode.swift; path = MainFlowContext.swift; sourceTree = "<group>"; };
		A564D53D2272318200031AFC /* MainViewController.swift */ = {isa = PBXFileReference; fileEncoding = 4; lastKnownFileType = sourcecode.swift; path = MainViewController.swift; sourceTree = "<group>"; };
		A564D53E2272318200031AFC /* MainViewModel.swift */ = {isa = PBXFileReference; fileEncoding = 4; lastKnownFileType = sourcecode.swift; path = MainViewModel.swift; sourceTree = "<group>"; };
		A5A8DA6D227231D600CF4ACD /* ExploreGitHubFlowContext.swift */ = {isa = PBXFileReference; lastKnownFileType = sourcecode.swift; path = ExploreGitHubFlowContext.swift; sourceTree = "<group>"; };
		A5A8DA6F2272320A00CF4ACD /* SearchResponseModel.swift */ = {isa = PBXFileReference; lastKnownFileType = sourcecode.swift; path = SearchResponseModel.swift; sourceTree = "<group>"; };
		A5A8DA712272321E00CF4ACD /* SearchItemModel.swift */ = {isa = PBXFileReference; lastKnownFileType = sourcecode.swift; path = SearchItemModel.swift; sourceTree = "<group>"; };
		A5A8DA732272324000CF4ACD /* GitHubSearchService.swift */ = {isa = PBXFileReference; lastKnownFileType = sourcecode.swift; path = GitHubSearchService.swift; sourceTree = "<group>"; };
		A5A8DA762272328200CF4ACD /* ExploreGitHubTableCell.swift */ = {isa = PBXFileReference; lastKnownFileType = sourcecode.swift; path = ExploreGitHubTableCell.swift; sourceTree = "<group>"; };
		A5A8DA78227232B400CF4ACD /* ExploreGitHubTableItemDataModel.swift */ = {isa = PBXFileReference; lastKnownFileType = sourcecode.swift; path = ExploreGitHubTableItemDataModel.swift; sourceTree = "<group>"; };
		A5A8DA7A227232E600CF4ACD /* ExploreGitHubTableCell.xib */ = {isa = PBXFileReference; lastKnownFileType = file.xib; path = ExploreGitHubTableCell.xib; sourceTree = "<group>"; };
		A5A8DA7C2272427400CF4ACD /* UserItemModel.swift */ = {isa = PBXFileReference; lastKnownFileType = sourcecode.swift; path = UserItemModel.swift; sourceTree = "<group>"; };
		B6544AF66687E1963FB1C2DB /* Pods-GitHubExplorer.debug.xcconfig */ = {isa = PBXFileReference; includeInIndex = 1; lastKnownFileType = text.xcconfig; name = "Pods-GitHubExplorer.debug.xcconfig"; path = "Pods/Target Support Files/Pods-GitHubExplorer/Pods-GitHubExplorer.debug.xcconfig"; sourceTree = "<group>"; };
		E56B4FB320E11687B1D1AF10 /* Pods-GitHubExplorer.release.xcconfig */ = {isa = PBXFileReference; includeInIndex = 1; lastKnownFileType = text.xcconfig; name = "Pods-GitHubExplorer.release.xcconfig"; path = "Pods/Target Support Files/Pods-GitHubExplorer/Pods-GitHubExplorer.release.xcconfig"; sourceTree = "<group>"; };
		FE9A6DC36613C28E518E4340 /* Pods-GitHubExplorerTests.debug.xcconfig */ = {isa = PBXFileReference; includeInIndex = 1; lastKnownFileType = text.xcconfig; name = "Pods-GitHubExplorerTests.debug.xcconfig"; path = "Pods/Target Support Files/Pods-GitHubExplorerTests/Pods-GitHubExplorerTests.debug.xcconfig"; sourceTree = "<group>"; };
/* End PBXFileReference section */

/* Begin PBXFrameworksBuildPhase section */
		A51BCE9822722A96009B30DC /* Frameworks */ = {
			isa = PBXFrameworksBuildPhase;
			buildActionMask = 2147483647;
			files = (
				66B87EEAB3C388DE637B8A8C /* Pods_GitHubExplorer.framework in Frameworks */,
			);
			runOnlyForDeploymentPostprocessing = 0;
		};
		A51BCEAC22722A99009B30DC /* Frameworks */ = {
			isa = PBXFrameworksBuildPhase;
			buildActionMask = 2147483647;
			files = (
				DE4853A404ABA5ACECAA6BE5 /* Pods_GitHubExplorerTests.framework in Frameworks */,
			);
			runOnlyForDeploymentPostprocessing = 0;
		};
/* End PBXFrameworksBuildPhase section */

/* Begin PBXGroup section */
		A51BCE9222722A96009B30DC = {
			isa = PBXGroup;
			children = (
				A51BCE9D22722A97009B30DC /* GitHubExplorer */,
				A51BCEB222722A99009B30DC /* GitHubExplorerTests */,
				A51BCE9C22722A97009B30DC /* Products */,
				C0EBBB3CA3B49C94262E0F8D /* Pods */,
				E625BADD05F8FCCBA3964039 /* Frameworks */,
			);
			indentWidth = 2;
			sourceTree = "<group>";
			tabWidth = 2;
		};
		A51BCE9C22722A97009B30DC /* Products */ = {
			isa = PBXGroup;
			children = (
				A51BCE9B22722A97009B30DC /* GitHubExplorer.app */,
				A51BCEAF22722A99009B30DC /* GitHubExplorerTests.xctest */,
			);
			name = Products;
			sourceTree = "<group>";
		};
		A51BCE9D22722A97009B30DC /* GitHubExplorer */ = {
			isa = PBXGroup;
			children = (
				A564D4B322722CD200031AFC /* Application */,
				A564D4E222722CD200031AFC /* BusinessLogic */,
				A564D4D422722CD200031AFC /* Presentation */,
				A564D4DB22722CD200031AFC /* Resources */,
			);
			path = GitHubExplorer;
			sourceTree = "<group>";
		};
		A51BCEB222722A99009B30DC /* GitHubExplorerTests */ = {
			isa = PBXGroup;
			children = (
				A51BCEB322722A99009B30DC /* GitHubExplorerTests.swift */,
				A51BCEB522722A99009B30DC /* Info.plist */,
			);
			path = GitHubExplorerTests;
			sourceTree = "<group>";
		};
		A564D4B322722CD200031AFC /* Application */ = {
			isa = PBXGroup;
			children = (
				A564D4CF22722CD200031AFC /* AppDelegate.swift */,
				A564D4B422722CD200031AFC /* Extension */,
				A564D4D022722CD200031AFC /* Helpers */,
			);
			path = Application;
			sourceTree = "<group>";
		};
		A564D4B422722CD200031AFC /* Extension */ = {
			isa = PBXGroup;
			children = (
				A564D4B522722CD200031AFC /* UIKit */,
				A564D4CD22722CD200031AFC /* Foundation */,
			);
			path = Extension;
			sourceTree = "<group>";
		};
		A564D4B522722CD200031AFC /* UIKit */ = {
			isa = PBXGroup;
			children = (
				A564D4B622722CD200031AFC /* TableView */,
				A564D4BE22722CD200031AFC /* CollectionView */,
				A564D4C622722CD200031AFC /* View */,
				A564D4CA22722CD200031AFC /* Protocols */,
			);
			path = UIKit;
			sourceTree = "<group>";
		};
		A564D4B622722CD200031AFC /* TableView */ = {
			isa = PBXGroup;
			children = (
				A564D4B722722CD200031AFC /* UITableView+Actions.swift */,
				A564D4B822722CD200031AFC /* UITableView+CellViewDataModel.swift */,
				A564D4B922722CD200031AFC /* Cell */,
				A564D4BB22722CD200031AFC /* Header */,
				A564D4BD22722CD200031AFC /* UITableView+Registration.swift */,
			);
			path = TableView;
			sourceTree = "<group>";
		};
		A564D4B922722CD200031AFC /* Cell */ = {
			isa = PBXGroup;
			children = (
				A564D4BA22722CD200031AFC /* UITableViewCell+Reusable.swift */,
			);
			path = Cell;
			sourceTree = "<group>";
		};
		A564D4BB22722CD200031AFC /* Header */ = {
			isa = PBXGroup;
			children = (
				A564D4BC22722CD200031AFC /* UITableViewHeaderFooterView+Reusable.swift */,
			);
			path = Header;
			sourceTree = "<group>";
		};
		A564D4BE22722CD200031AFC /* CollectionView */ = {
			isa = PBXGroup;
			children = (
				A564D4BF22722CD200031AFC /* UICollectionView+Reusable.swift */,
				A564D4C022722CD200031AFC /* UICollectionView+CellViewDataModel.swift */,
				A564D4C122722CD200031AFC /* Cell */,
				A564D4C322722CD200031AFC /* UICollectionView+Actions.swift */,
				A564D4C422722CD200031AFC /* UICollectionView+Registration.swift */,
				A564D4C522722CD200031AFC /* UICollectionView+Extensions.swift */,
			);
			path = CollectionView;
			sourceTree = "<group>";
		};
		A564D4C122722CD200031AFC /* Cell */ = {
			isa = PBXGroup;
			children = (
				A564D4C222722CD200031AFC /* UICollectionReusableView+Reusable.swift */,
			);
			path = Cell;
			sourceTree = "<group>";
		};
		A564D4C622722CD200031AFC /* View */ = {
			isa = PBXGroup;
			children = (
				A564D4C722722CD200031AFC /* UIView+IBInspecteble.swift */,
				A564D4C822722CD200031AFC /* UIView+NibLoad.swift */,
				A564D4C922722CD200031AFC /* UIView+Nib.swift */,
			);
			path = View;
			sourceTree = "<group>";
		};
		A564D4CA22722CD200031AFC /* Protocols */ = {
			isa = PBXGroup;
			children = (
				A564D4CB22722CD200031AFC /* ActionView.swift */,
				A564D4CC22722CD200031AFC /* Reusable.swift */,
			);
			path = Protocols;
			sourceTree = "<group>";
		};
		A564D4CD22722CD200031AFC /* Foundation */ = {
			isa = PBXGroup;
			children = (
				A564D4CE22722CD200031AFC /* Closure+Extensions.swift */,
			);
			path = Foundation;
			sourceTree = "<group>";
		};
		A564D4D022722CD200031AFC /* Helpers */ = {
			isa = PBXGroup;
			children = (
				A564D4D122722CD200031AFC /* DisplayDataCollection */,
			);
			path = Helpers;
			sourceTree = "<group>";
		};
		A564D4D122722CD200031AFC /* DisplayDataCollection */ = {
			isa = PBXGroup;
			children = (
				A564D4D222722CD200031AFC /* AnyViewDataModel.swift */,
				A564D4D322722CD200031AFC /* DisplayDataCollection.swift */,
			);
			path = DisplayDataCollection;
			sourceTree = "<group>";
		};
		A564D4D422722CD200031AFC /* Presentation */ = {
			isa = PBXGroup;
			children = (
				A564D4D522722CD200031AFC /* NavigationFlow */,
				A564D5292272318200031AFC /* ViewControllers */,
				A564D4D922722CD200031AFC /* Views */,
			);
			path = Presentation;
			sourceTree = "<group>";
		};
		A564D4D522722CD200031AFC /* NavigationFlow */ = {
			isa = PBXGroup;
			children = (
				A564D50022722E0D00031AFC /* FlowCoordinator.swift */,
				A564D50222722E1A00031AFC /* ObservableContext.swift */,
			);
			path = NavigationFlow;
			sourceTree = "<group>";
		};
		A564D4D922722CD200031AFC /* Views */ = {
			isa = PBXGroup;
			children = (
				A564D4DA22722CD200031AFC /* Cells */,
			);
			path = Views;
			sourceTree = "<group>";
		};
		A564D4DA22722CD200031AFC /* Cells */ = {
			isa = PBXGroup;
			children = (
				A5A8DA752272326C00CF4ACD /* ExploreGitHubCell */,
			);
			path = Cells;
			sourceTree = "<group>";
		};
		A564D4DB22722CD200031AFC /* Resources */ = {
			isa = PBXGroup;
			children = (
				A564D4DC22722CD200031AFC /* Assets.xcassets */,
				A564D4DD22722CD200031AFC /* LaunchScreen.storyboard */,
				A564D4DF22722CD200031AFC /* Main.storyboard */,
				A564D4E122722CD200031AFC /* Info.plist */,
			);
			path = Resources;
			sourceTree = "<group>";
		};
		A564D4E222722CD200031AFC /* BusinessLogic */ = {
			isa = PBXGroup;
			children = (
				A564D4E322722CD200031AFC /* Models */,
				A564D4E522722CD200031AFC /* Services */,
			);
			path = BusinessLogic;
			sourceTree = "<group>";
		};
		A564D4E322722CD200031AFC /* Models */ = {
			isa = PBXGroup;
			children = (
				A564D4E422722CD200031AFC /* NetworkModels */,
			);
			path = Models;
			sourceTree = "<group>";
		};
		A564D4E422722CD200031AFC /* NetworkModels */ = {
			isa = PBXGroup;
			children = (
				A5A8DA812272429000CF4ACD /* User */,
				A5A8DA802272428700CF4ACD /* Search */,
				A5A8DA6F2272320A00CF4ACD /* SearchResponseModel.swift */,
				A5A8DA712272321E00CF4ACD /* SearchItemModel.swift */,
				A5A8DA7C2272427400CF4ACD /* UserItemModel.swift */,
			);
			path = NetworkModels;
			sourceTree = "<group>";
		};
		A564D4E522722CD200031AFC /* Services */ = {
			isa = PBXGroup;
			children = (
				A564D4E622722CD200031AFC /* NetworkService */,
			);
			path = Services;
			sourceTree = "<group>";
		};
		A564D4E622722CD200031AFC /* NetworkService */ = {
			isa = PBXGroup;
			children = (
				A5A8DA732272324000CF4ACD /* GitHubSearchService.swift */,
			);
			path = NetworkService;
			sourceTree = "<group>";
		};
		A564D5292272318200031AFC /* ViewControllers */ = {
			isa = PBXGroup;
			children = (
				A564D52A2272318200031AFC /* ExploreGitHub */,
				A564D5382272318200031AFC /* Main */,
			);
			path = ViewControllers;
			sourceTree = "<group>";
		};
		A564D52A2272318200031AFC /* ExploreGitHub */ = {
			isa = PBXGroup;
			children = (
				A564D52B2272318200031AFC /* Coordinators */,
				A564D52D2272318200031AFC /* Screens */,
			);
			path = ExploreGitHub;
			sourceTree = "<group>";
		};
		A564D52B2272318200031AFC /* Coordinators */ = {
			isa = PBXGroup;
			children = (
				A564D52C2272318200031AFC /* ExploreGitHubFlowCoordinator.swift */,
				A5A8DA6D227231D600CF4ACD /* ExploreGitHubFlowContext.swift */,
			);
			path = Coordinators;
			sourceTree = "<group>";
		};
		A564D52D2272318200031AFC /* Screens */ = {
			isa = PBXGroup;
			children = (
				A564D52E2272318200031AFC /* GitHubUserDetailViewController */,
				A564D5322272318200031AFC /* ExploreGitHubViewController */,
			);
			path = Screens;
			sourceTree = "<group>";
		};
		A564D52E2272318200031AFC /* GitHubUserDetailViewController */ = {
			isa = PBXGroup;
			children = (
				A564D52F2272318200031AFC /* GitHubUserDetailViewController.swift */,
				A564D5302272318200031AFC /* GitHubUserDetailViewModel.swift */,
				A564D5312272318200031AFC /* GitHubUserDetailViewController.xib */,
			);
			path = GitHubUserDetailViewController;
			sourceTree = "<group>";
		};
		A564D5322272318200031AFC /* ExploreGitHubViewController */ = {
			isa = PBXGroup;
			children = (
				A564D5332272318200031AFC /* DisplayData */,
				A564D5352272318200031AFC /* ExploreGitHubViewController.swift */,
				A564D5372272318200031AFC /* ExploreGitHubViewModel.swift */,
				A564D5362272318200031AFC /* ExploreGitHubViewController.xib */,
			);
			path = ExploreGitHubViewController;
			sourceTree = "<group>";
		};
		A564D5332272318200031AFC /* DisplayData */ = {
			isa = PBXGroup;
			children = (
				A564D5342272318200031AFC /* ExploreGitHubDisplayCollection.swift */,
			);
			path = DisplayData;
			sourceTree = "<group>";
		};
		A564D5382272318200031AFC /* Main */ = {
			isa = PBXGroup;
			children = (
				A564D5392272318200031AFC /* Coordinator */,
				A564D53C2272318200031AFC /* Screens */,
			);
			path = Main;
			sourceTree = "<group>";
		};
		A564D5392272318200031AFC /* Coordinator */ = {
			isa = PBXGroup;
			children = (
				A564D53A2272318200031AFC /* MainFlowCoordinator.swift */,
				A564D53B2272318200031AFC /* MainFlowContext.swift */,
			);
			path = Coordinator;
			sourceTree = "<group>";
		};
		A564D53C2272318200031AFC /* Screens */ = {
			isa = PBXGroup;
			children = (
				A564D53D2272318200031AFC /* MainViewController.swift */,
				A564D53E2272318200031AFC /* MainViewModel.swift */,
			);
			path = Screens;
			sourceTree = "<group>";
		};
		A5A8DA752272326C00CF4ACD /* ExploreGitHubCell */ = {
			isa = PBXGroup;
			children = (
				A5A8DA762272328200CF4ACD /* ExploreGitHubTableCell.swift */,
				A5A8DA78227232B400CF4ACD /* ExploreGitHubTableItemDataModel.swift */,
				A5A8DA7A227232E600CF4ACD /* ExploreGitHubTableCell.xib */,
			);
			path = ExploreGitHubCell;
			sourceTree = "<group>";
		};
		A5A8DA802272428700CF4ACD /* Search */ = {
			isa = PBXGroup;
			children = (
			);
			path = Search;
			sourceTree = "<group>";
		};
		A5A8DA812272429000CF4ACD /* User */ = {
			isa = PBXGroup;
			children = (
			);
			path = User;
			sourceTree = "<group>";
		};
		C0EBBB3CA3B49C94262E0F8D /* Pods */ = {
			isa = PBXGroup;
			children = (
				B6544AF66687E1963FB1C2DB /* Pods-GitHubExplorer.debug.xcconfig */,
				E56B4FB320E11687B1D1AF10 /* Pods-GitHubExplorer.release.xcconfig */,
				FE9A6DC36613C28E518E4340 /* Pods-GitHubExplorerTests.debug.xcconfig */,
				9FEE14F0CE9838CA07C62B36 /* Pods-GitHubExplorerTests.release.xcconfig */,
			);
			name = Pods;
			sourceTree = "<group>";
		};
		E625BADD05F8FCCBA3964039 /* Frameworks */ = {
			isa = PBXGroup;
			children = (
				83138161B43D9535F3ECCEB1 /* Pods_GitHubExplorer.framework */,
				016B22B4A95A99E2DE95F091 /* Pods_GitHubExplorerTests.framework */,
			);
			name = Frameworks;
			sourceTree = "<group>";
		};
/* End PBXGroup section */

/* Begin PBXNativeTarget section */
		A51BCE9A22722A96009B30DC /* GitHubExplorer */ = {
			isa = PBXNativeTarget;
			buildConfigurationList = A51BCEB822722A99009B30DC /* Build configuration list for PBXNativeTarget "GitHubExplorer" */;
			buildPhases = (
				170770A0ABA40AF9496926B4 /* [CP] Check Pods Manifest.lock */,
				A51BCE9722722A96009B30DC /* Sources */,
				A51BCE9822722A96009B30DC /* Frameworks */,
				A51BCE9922722A96009B30DC /* Resources */,
				B21437526A240A9A6412062F /* [CP] Embed Pods Frameworks */,
				A564D4FF22722D0300031AFC /* Swiftlint Script */,
			);
			buildRules = (
			);
			dependencies = (
			);
			name = GitHubExplorer;
			productName = GitHubExplorer;
			productReference = A51BCE9B22722A97009B30DC /* GitHubExplorer.app */;
			productType = "com.apple.product-type.application";
		};
		A51BCEAE22722A99009B30DC /* GitHubExplorerTests */ = {
			isa = PBXNativeTarget;
			buildConfigurationList = A51BCEBB22722A99009B30DC /* Build configuration list for PBXNativeTarget "GitHubExplorerTests" */;
			buildPhases = (
				09531DAA8FB4764D6E663BD5 /* [CP] Check Pods Manifest.lock */,
				A51BCEAB22722A99009B30DC /* Sources */,
				A51BCEAC22722A99009B30DC /* Frameworks */,
				A51BCEAD22722A99009B30DC /* Resources */,
			);
			buildRules = (
			);
			dependencies = (
				A51BCEB122722A99009B30DC /* PBXTargetDependency */,
			);
			name = GitHubExplorerTests;
			productName = GitHubExplorerTests;
			productReference = A51BCEAF22722A99009B30DC /* GitHubExplorerTests.xctest */;
			productType = "com.apple.product-type.bundle.unit-test";
		};
/* End PBXNativeTarget section */

/* Begin PBXProject section */
		A51BCE9322722A96009B30DC /* Project object */ = {
			isa = PBXProject;
			attributes = {
				LastSwiftUpdateCheck = 1020;
				LastUpgradeCheck = 1250;
				ORGANIZATIONNAME = "Kostiantyn Bykhkalo";
				TargetAttributes = {
					A51BCE9A22722A96009B30DC = {
						CreatedOnToolsVersion = 10.2.1;
					};
					A51BCEAE22722A99009B30DC = {
						CreatedOnToolsVersion = 10.2.1;
						TestTargetID = A51BCE9A22722A96009B30DC;
					};
				};
			};
			buildConfigurationList = A51BCE9622722A96009B30DC /* Build configuration list for PBXProject "GitHubExplorer" */;
			compatibilityVersion = "Xcode 9.3";
			developmentRegion = en;
			hasScannedForEncodings = 0;
			knownRegions = (
				en,
				Base,
			);
			mainGroup = A51BCE9222722A96009B30DC;
			productRefGroup = A51BCE9C22722A97009B30DC /* Products */;
			projectDirPath = "";
			projectRoot = "";
			targets = (
				A51BCE9A22722A96009B30DC /* GitHubExplorer */,
				A51BCEAE22722A99009B30DC /* GitHubExplorerTests */,
			);
		};
/* End PBXProject section */

/* Begin PBXResourcesBuildPhase section */
		A51BCE9922722A96009B30DC /* Resources */ = {
			isa = PBXResourcesBuildPhase;
			buildActionMask = 2147483647;
			files = (
				A564D4FD22722CD200031AFC /* Main.storyboard in Resources */,
				A564D4FB22722CD200031AFC /* Assets.xcassets in Resources */,
				A564D4FC22722CD200031AFC /* LaunchScreen.storyboard in Resources */,
				A564D5422272318200031AFC /* GitHubUserDetailViewController.xib in Resources */,
				A564D5452272318200031AFC /* ExploreGitHubViewController.xib in Resources */,
				A5A8DA7B227232E600CF4ACD /* ExploreGitHubTableCell.xib in Resources */,
			);
			runOnlyForDeploymentPostprocessing = 0;
		};
		A51BCEAD22722A99009B30DC /* Resources */ = {
			isa = PBXResourcesBuildPhase;
			buildActionMask = 2147483647;
			files = (
			);
			runOnlyForDeploymentPostprocessing = 0;
		};
/* End PBXResourcesBuildPhase section */

/* Begin PBXShellScriptBuildPhase section */
		09531DAA8FB4764D6E663BD5 /* [CP] Check Pods Manifest.lock */ = {
			isa = PBXShellScriptBuildPhase;
			buildActionMask = 2147483647;
			files = (
			);
			inputFileListPaths = (
			);
			inputPaths = (
				"${PODS_PODFILE_DIR_PATH}/Podfile.lock",
				"${PODS_ROOT}/Manifest.lock",
			);
			name = "[CP] Check Pods Manifest.lock";
			outputFileListPaths = (
			);
			outputPaths = (
				"$(DERIVED_FILE_DIR)/Pods-GitHubExplorerTests-checkManifestLockResult.txt",
			);
			runOnlyForDeploymentPostprocessing = 0;
			shellPath = /bin/sh;
			shellScript = "diff \"${PODS_PODFILE_DIR_PATH}/Podfile.lock\" \"${PODS_ROOT}/Manifest.lock\" > /dev/null\nif [ $? != 0 ] ; then\n    # print error to STDERR\n    echo \"error: The sandbox is not in sync with the Podfile.lock. Run 'pod install' or update your CocoaPods installation.\" >&2\n    exit 1\nfi\n# This output is used by Xcode 'outputs' to avoid re-running this script phase.\necho \"SUCCESS\" > \"${SCRIPT_OUTPUT_FILE_0}\"\n";
			showEnvVarsInLog = 0;
		};
		170770A0ABA40AF9496926B4 /* [CP] Check Pods Manifest.lock */ = {
			isa = PBXShellScriptBuildPhase;
			buildActionMask = 2147483647;
			files = (
			);
			inputFileListPaths = (
			);
			inputPaths = (
				"${PODS_PODFILE_DIR_PATH}/Podfile.lock",
				"${PODS_ROOT}/Manifest.lock",
			);
			name = "[CP] Check Pods Manifest.lock";
			outputFileListPaths = (
			);
			outputPaths = (
				"$(DERIVED_FILE_DIR)/Pods-GitHubExplorer-checkManifestLockResult.txt",
			);
			runOnlyForDeploymentPostprocessing = 0;
			shellPath = /bin/sh;
			shellScript = "diff \"${PODS_PODFILE_DIR_PATH}/Podfile.lock\" \"${PODS_ROOT}/Manifest.lock\" > /dev/null\nif [ $? != 0 ] ; then\n    # print error to STDERR\n    echo \"error: The sandbox is not in sync with the Podfile.lock. Run 'pod install' or update your CocoaPods installation.\" >&2\n    exit 1\nfi\n# This output is used by Xcode 'outputs' to avoid re-running this script phase.\necho \"SUCCESS\" > \"${SCRIPT_OUTPUT_FILE_0}\"\n";
			showEnvVarsInLog = 0;
		};
		A564D4FF22722D0300031AFC /* Swiftlint Script */ = {
			isa = PBXShellScriptBuildPhase;
			buildActionMask = 2147483647;
			files = (
			);
			inputFileListPaths = (
			);
			inputPaths = (
			);
			name = "Swiftlint Script";
			outputFileListPaths = (
			);
			outputPaths = (
			);
			runOnlyForDeploymentPostprocessing = 0;
			shellPath = /bin/sh;
			shellScript = "\"${PODS_ROOT}/SwiftLint/swiftlint\"\n";
		};
		B21437526A240A9A6412062F /* [CP] Embed Pods Frameworks */ = {
			isa = PBXShellScriptBuildPhase;
			buildActionMask = 2147483647;
			files = (
			);
			inputFileListPaths = (
				"${PODS_ROOT}/Target Support Files/Pods-GitHubExplorer/Pods-GitHubExplorer-frameworks-${CONFIGURATION}-input-files.xcfilelist",
			);
			name = "[CP] Embed Pods Frameworks";
			outputFileListPaths = (
				"${PODS_ROOT}/Target Support Files/Pods-GitHubExplorer/Pods-GitHubExplorer-frameworks-${CONFIGURATION}-output-files.xcfilelist",
			);
			runOnlyForDeploymentPostprocessing = 0;
			shellPath = /bin/sh;
			shellScript = "\"${PODS_ROOT}/Target Support Files/Pods-GitHubExplorer/Pods-GitHubExplorer-frameworks.sh\"\n";
			showEnvVarsInLog = 0;
		};
/* End PBXShellScriptBuildPhase section */

/* Begin PBXSourcesBuildPhase section */
		A51BCE9722722A96009B30DC /* Sources */ = {
			isa = PBXSourcesBuildPhase;
			buildActionMask = 2147483647;
			files = (
				A564D4F522722CD200031AFC /* ActionView.swift in Sources */,
				A564D5442272318200031AFC /* ExploreGitHubViewController.swift in Sources */,
				A564D4EE22722CD200031AFC /* UICollectionReusableView+Reusable.swift in Sources */,
				A564D4F022722CD200031AFC /* UICollectionView+Registration.swift in Sources */,
				A564D5402272318200031AFC /* GitHubUserDetailViewController.swift in Sources */,
				A564D5462272318200031AFC /* ExploreGitHubViewModel.swift in Sources */,
				A564D4EB22722CD200031AFC /* UITableView+Registration.swift in Sources */,
				A564D4F722722CD200031AFC /* Closure+Extensions.swift in Sources */,
				A5A8DA79227232B400CF4ACD /* ExploreGitHubTableItemDataModel.swift in Sources */,
				A564D5482272318200031AFC /* MainFlowContext.swift in Sources */,
				A564D4EF22722CD200031AFC /* UICollectionView+Actions.swift in Sources */,
				A564D4FA22722CD200031AFC /* DisplayDataCollection.swift in Sources */,
				A5A8DA7D2272427400CF4ACD /* UserItemModel.swift in Sources */,
				A564D4F122722CD200031AFC /* UICollectionView+Extensions.swift in Sources */,
				A564D5432272318200031AFC /* ExploreGitHubDisplayCollection.swift in Sources */,
				A564D50122722E0D00031AFC /* FlowCoordinator.swift in Sources */,
				A5A8DA742272324000CF4ACD /* GitHubSearchService.swift in Sources */,
				A5A8DA702272320A00CF4ACD /* SearchResponseModel.swift in Sources */,
				A564D53F2272318200031AFC /* ExploreGitHubFlowCoordinator.swift in Sources */,
				A564D4E822722CD200031AFC /* UITableView+CellViewDataModel.swift in Sources */,
				A5A8DA6E227231D600CF4ACD /* ExploreGitHubFlowContext.swift in Sources */,
				A5A8DA722272321E00CF4ACD /* SearchItemModel.swift in Sources */,
				A564D4F422722CD200031AFC /* UIView+Nib.swift in Sources */,
				A564D5492272318200031AFC /* MainViewController.swift in Sources */,
				A564D4F322722CD200031AFC /* UIView+NibLoad.swift in Sources */,
				A564D4F222722CD200031AFC /* UIView+IBInspecteble.swift in Sources */,
				A564D4E722722CD200031AFC /* UITableView+Actions.swift in Sources */,
				A5A8DA772272328200CF4ACD /* ExploreGitHubTableCell.swift in Sources */,
				A564D4F922722CD200031AFC /* AnyViewDataModel.swift in Sources */,
				A564D4F822722CD200031AFC /* AppDelegate.swift in Sources */,
				A564D4EC22722CD200031AFC /* UICollectionView+Reusable.swift in Sources */,
				A564D4F622722CD200031AFC /* Reusable.swift in Sources */,
				A564D50322722E1A00031AFC /* ObservableContext.swift in Sources */,
				A564D4E922722CD200031AFC /* UITableViewCell+Reusable.swift in Sources */,
				A564D5412272318200031AFC /* GitHubUserDetailViewModel.swift in Sources */,
				A564D4EA22722CD200031AFC /* UITableViewHeaderFooterView+Reusable.swift in Sources */,
				A564D5472272318200031AFC /* MainFlowCoordinator.swift in Sources */,
				A564D4ED22722CD200031AFC /* UICollectionView+CellViewDataModel.swift in Sources */,
				A564D54A2272318200031AFC /* MainViewModel.swift in Sources */,
			);
			runOnlyForDeploymentPostprocessing = 0;
		};
		A51BCEAB22722A99009B30DC /* Sources */ = {
			isa = PBXSourcesBuildPhase;
			buildActionMask = 2147483647;
			files = (
				A51BCEB422722A99009B30DC /* GitHubExplorerTests.swift in Sources */,
			);
			runOnlyForDeploymentPostprocessing = 0;
		};
/* End PBXSourcesBuildPhase section */

/* Begin PBXTargetDependency section */
		A51BCEB122722A99009B30DC /* PBXTargetDependency */ = {
			isa = PBXTargetDependency;
			target = A51BCE9A22722A96009B30DC /* GitHubExplorer */;
			targetProxy = A51BCEB022722A99009B30DC /* PBXContainerItemProxy */;
		};
/* End PBXTargetDependency section */

/* Begin PBXVariantGroup section */
		A564D4DD22722CD200031AFC /* LaunchScreen.storyboard */ = {
			isa = PBXVariantGroup;
			children = (
				A564D4DE22722CD200031AFC /* Base */,
			);
			name = LaunchScreen.storyboard;
			sourceTree = "<group>";
		};
		A564D4DF22722CD200031AFC /* Main.storyboard */ = {
			isa = PBXVariantGroup;
			children = (
				A564D4E022722CD200031AFC /* Base */,
			);
			name = Main.storyboard;
			sourceTree = "<group>";
		};
/* End PBXVariantGroup section */

/* Begin XCBuildConfiguration section */
		A51BCEB622722A99009B30DC /* Debug */ = {
			isa = XCBuildConfiguration;
			buildSettings = {
				ALWAYS_SEARCH_USER_PATHS = NO;
				CLANG_ANALYZER_NONNULL = YES;
				CLANG_ANALYZER_NUMBER_OBJECT_CONVERSION = YES_AGGRESSIVE;
				CLANG_CXX_LANGUAGE_STANDARD = "gnu++14";
				CLANG_CXX_LIBRARY = "libc++";
				CLANG_ENABLE_MODULES = YES;
				CLANG_ENABLE_OBJC_ARC = YES;
				CLANG_ENABLE_OBJC_WEAK = YES;
				CLANG_WARN_BLOCK_CAPTURE_AUTORELEASING = YES;
				CLANG_WARN_BOOL_CONVERSION = YES;
				CLANG_WARN_COMMA = YES;
				CLANG_WARN_CONSTANT_CONVERSION = YES;
				CLANG_WARN_DEPRECATED_OBJC_IMPLEMENTATIONS = YES;
				CLANG_WARN_DIRECT_OBJC_ISA_USAGE = YES_ERROR;
				CLANG_WARN_DOCUMENTATION_COMMENTS = YES;
				CLANG_WARN_EMPTY_BODY = YES;
				CLANG_WARN_ENUM_CONVERSION = YES;
				CLANG_WARN_INFINITE_RECURSION = YES;
				CLANG_WARN_INT_CONVERSION = YES;
				CLANG_WARN_NON_LITERAL_NULL_CONVERSION = YES;
				CLANG_WARN_OBJC_IMPLICIT_RETAIN_SELF = YES;
				CLANG_WARN_OBJC_LITERAL_CONVERSION = YES;
				CLANG_WARN_OBJC_ROOT_CLASS = YES_ERROR;
				CLANG_WARN_QUOTED_INCLUDE_IN_FRAMEWORK_HEADER = YES;
				CLANG_WARN_RANGE_LOOP_ANALYSIS = YES;
				CLANG_WARN_STRICT_PROTOTYPES = YES;
				CLANG_WARN_SUSPICIOUS_MOVE = YES;
				CLANG_WARN_UNGUARDED_AVAILABILITY = YES_AGGRESSIVE;
				CLANG_WARN_UNREACHABLE_CODE = YES;
				CLANG_WARN__DUPLICATE_METHOD_MATCH = YES;
				CODE_SIGN_IDENTITY = "iPhone Developer";
				COPY_PHASE_STRIP = NO;
				DEBUG_INFORMATION_FORMAT = dwarf;
				ENABLE_STRICT_OBJC_MSGSEND = YES;
				ENABLE_TESTABILITY = YES;
				GCC_C_LANGUAGE_STANDARD = gnu11;
				GCC_DYNAMIC_NO_PIC = NO;
				GCC_NO_COMMON_BLOCKS = YES;
				GCC_OPTIMIZATION_LEVEL = 0;
				GCC_PREPROCESSOR_DEFINITIONS = (
					"DEBUG=1",
					"$(inherited)",
				);
				GCC_WARN_64_TO_32_BIT_CONVERSION = YES;
				GCC_WARN_ABOUT_RETURN_TYPE = YES_ERROR;
				GCC_WARN_UNDECLARED_SELECTOR = YES;
				GCC_WARN_UNINITIALIZED_AUTOS = YES_AGGRESSIVE;
				GCC_WARN_UNUSED_FUNCTION = YES;
				GCC_WARN_UNUSED_VARIABLE = YES;
				IPHONEOS_DEPLOYMENT_TARGET = 12.2;
				MTL_ENABLE_DEBUG_INFO = INCLUDE_SOURCE;
				MTL_FAST_MATH = YES;
				ONLY_ACTIVE_ARCH = YES;
				SDKROOT = iphoneos;
				SWIFT_ACTIVE_COMPILATION_CONDITIONS = DEBUG;
				SWIFT_OPTIMIZATION_LEVEL = "-Onone";
			};
			name = Debug;
		};
		A51BCEB722722A99009B30DC /* Release */ = {
			isa = XCBuildConfiguration;
			buildSettings = {
				ALWAYS_SEARCH_USER_PATHS = NO;
				CLANG_ANALYZER_NONNULL = YES;
				CLANG_ANALYZER_NUMBER_OBJECT_CONVERSION = YES_AGGRESSIVE;
				CLANG_CXX_LANGUAGE_STANDARD = "gnu++14";
				CLANG_CXX_LIBRARY = "libc++";
				CLANG_ENABLE_MODULES = YES;
				CLANG_ENABLE_OBJC_ARC = YES;
				CLANG_ENABLE_OBJC_WEAK = YES;
				CLANG_WARN_BLOCK_CAPTURE_AUTORELEASING = YES;
				CLANG_WARN_BOOL_CONVERSION = YES;
				CLANG_WARN_COMMA = YES;
				CLANG_WARN_CONSTANT_CONVERSION = YES;
				CLANG_WARN_DEPRECATED_OBJC_IMPLEMENTATIONS = YES;
				CLANG_WARN_DIRECT_OBJC_ISA_USAGE = YES_ERROR;
				CLANG_WARN_DOCUMENTATION_COMMENTS = YES;
				CLANG_WARN_EMPTY_BODY = YES;
				CLANG_WARN_ENUM_CONVERSION = YES;
				CLANG_WARN_INFINITE_RECURSION = YES;
				CLANG_WARN_INT_CONVERSION = YES;
				CLANG_WARN_NON_LITERAL_NULL_CONVERSION = YES;
				CLANG_WARN_OBJC_IMPLICIT_RETAIN_SELF = YES;
				CLANG_WARN_OBJC_LITERAL_CONVERSION = YES;
				CLANG_WARN_OBJC_ROOT_CLASS = YES_ERROR;
				CLANG_WARN_QUOTED_INCLUDE_IN_FRAMEWORK_HEADER = YES;
				CLANG_WARN_RANGE_LOOP_ANALYSIS = YES;
				CLANG_WARN_STRICT_PROTOTYPES = YES;
				CLANG_WARN_SUSPICIOUS_MOVE = YES;
				CLANG_WARN_UNGUARDED_AVAILABILITY = YES_AGGRESSIVE;
				CLANG_WARN_UNREACHABLE_CODE = YES;
				CLANG_WARN__DUPLICATE_METHOD_MATCH = YES;
				CODE_SIGN_IDENTITY = "iPhone Developer";
				COPY_PHASE_STRIP = NO;
				DEBUG_INFORMATION_FORMAT = "dwarf-with-dsym";
				ENABLE_NS_ASSERTIONS = NO;
				ENABLE_STRICT_OBJC_MSGSEND = YES;
				GCC_C_LANGUAGE_STANDARD = gnu11;
				GCC_NO_COMMON_BLOCKS = YES;
				GCC_WARN_64_TO_32_BIT_CONVERSION = YES;
				GCC_WARN_ABOUT_RETURN_TYPE = YES_ERROR;
				GCC_WARN_UNDECLARED_SELECTOR = YES;
				GCC_WARN_UNINITIALIZED_AUTOS = YES_AGGRESSIVE;
				GCC_WARN_UNUSED_FUNCTION = YES;
				GCC_WARN_UNUSED_VARIABLE = YES;
				IPHONEOS_DEPLOYMENT_TARGET = 12.2;
				MTL_ENABLE_DEBUG_INFO = NO;
				MTL_FAST_MATH = YES;
				SDKROOT = iphoneos;
				SWIFT_COMPILATION_MODE = wholemodule;
				SWIFT_OPTIMIZATION_LEVEL = "-O";
				VALIDATE_PRODUCT = YES;
			};
			name = Release;
		};
		A51BCEB922722A99009B30DC /* Debug */ = {
			isa = XCBuildConfiguration;
			baseConfigurationReference = B6544AF66687E1963FB1C2DB /* Pods-GitHubExplorer.debug.xcconfig */;
			buildSettings = {
				ASSETCATALOG_COMPILER_APPICON_NAME = AppIcon;
				CODE_SIGN_STYLE = Automatic;
				DEVELOPMENT_TEAM = 72432WGSUQ;
				INFOPLIST_FILE = "$(SRCROOT)/GitHubExplorer/Resources/Info.plist";
				IPHONEOS_DEPLOYMENT_TARGET = 12.0;
				LD_RUNPATH_SEARCH_PATHS = (
					"$(inherited)",
					"@executable_path/Frameworks",
				);
				PRODUCT_BUNDLE_IDENTIFIER = com.GitHubExplorer;
				PRODUCT_NAME = "$(TARGET_NAME)";
				SWIFT_VERSION = 5.0;
				TARGETED_DEVICE_FAMILY = "1,2";
			};
			name = Debug;
		};
		A51BCEBA22722A99009B30DC /* Release */ = {
			isa = XCBuildConfiguration;
			baseConfigurationReference = E56B4FB320E11687B1D1AF10 /* Pods-GitHubExplorer.release.xcconfig */;
			buildSettings = {
				ASSETCATALOG_COMPILER_APPICON_NAME = AppIcon;
				CODE_SIGN_STYLE = Automatic;
				DEVELOPMENT_TEAM = 72432WGSUQ;
				INFOPLIST_FILE = "$(SRCROOT)/GitHubExplorer/Resources/Info.plist";
				IPHONEOS_DEPLOYMENT_TARGET = 12.0;
				LD_RUNPATH_SEARCH_PATHS = (
					"$(inherited)",
					"@executable_path/Frameworks",
				);
				PRODUCT_BUNDLE_IDENTIFIER = com.GitHubExplorer;
				PRODUCT_NAME = "$(TARGET_NAME)";
				SWIFT_VERSION = 5.0;
				TARGETED_DEVICE_FAMILY = "1,2";
			};
			name = Release;
		};
		A51BCEBC22722A99009B30DC /* Debug */ = {
			isa = XCBuildConfiguration;
			baseConfigurationReference = FE9A6DC36613C28E518E4340 /* Pods-GitHubExplorerTests.debug.xcconfig */;
			buildSettings = {
				ALWAYS_EMBED_SWIFT_STANDARD_LIBRARIES = YES;
				BUNDLE_LOADER = "$(TEST_HOST)";
				CODE_SIGN_STYLE = Automatic;
				DEVELOPMENT_TEAM = 72432WGSUQ;
				INFOPLIST_FILE = GitHubExplorerTests/Info.plist;
				LD_RUNPATH_SEARCH_PATHS = (
					"$(inherited)",
					"@executable_path/Frameworks",
					"@loader_path/Frameworks",
				);
				PRODUCT_BUNDLE_IDENTIFIER = com.GitHubExplorerTests;
				PRODUCT_NAME = "$(TARGET_NAME)";
				SWIFT_VERSION = 5.0;
				TARGETED_DEVICE_FAMILY = "1,2";
				TEST_HOST = "$(BUILT_PRODUCTS_DIR)/GitHubExplorer.app/GitHubExplorer";
			};
			name = Debug;
		};
		A51BCEBD22722A99009B30DC /* Release */ = {
			isa = XCBuildConfiguration;
			baseConfigurationReference = 9FEE14F0CE9838CA07C62B36 /* Pods-GitHubExplorerTests.release.xcconfig */;
			buildSettings = {
				ALWAYS_EMBED_SWIFT_STANDARD_LIBRARIES = YES;
				BUNDLE_LOADER = "$(TEST_HOST)";
				CODE_SIGN_STYLE = Automatic;
				DEVELOPMENT_TEAM = 72432WGSUQ;
				INFOPLIST_FILE = GitHubExplorerTests/Info.plist;
				LD_RUNPATH_SEARCH_PATHS = (
					"$(inherited)",
					"@executable_path/Frameworks",
					"@loader_path/Frameworks",
				);
				PRODUCT_BUNDLE_IDENTIFIER = com.GitHubExplorerTests;
				PRODUCT_NAME = "$(TARGET_NAME)";
				SWIFT_VERSION = 5.0;
				TARGETED_DEVICE_FAMILY = "1,2";
				TEST_HOST = "$(BUILT_PRODUCTS_DIR)/GitHubExplorer.app/GitHubExplorer";
			};
			name = Release;
		};
/* End XCBuildConfiguration section */

/* Begin XCConfigurationList section */
		A51BCE9622722A96009B30DC /* Build configuration list for PBXProject "GitHubExplorer" */ = {
			isa = XCConfigurationList;
			buildConfigurations = (
				A51BCEB622722A99009B30DC /* Debug */,
				A51BCEB722722A99009B30DC /* Release */,
			);
			defaultConfigurationIsVisible = 0;
			defaultConfigurationName = Release;
		};
		A51BCEB822722A99009B30DC /* Build configuration list for PBXNativeTarget "GitHubExplorer" */ = {
			isa = XCConfigurationList;
			buildConfigurations = (
				A51BCEB922722A99009B30DC /* Debug */,
				A51BCEBA22722A99009B30DC /* Release */,
			);
			defaultConfigurationIsVisible = 0;
			defaultConfigurationName = Release;
		};
		A51BCEBB22722A99009B30DC /* Build configuration list for PBXNativeTarget "GitHubExplorerTests" */ = {
			isa = XCConfigurationList;
			buildConfigurations = (
				A51BCEBC22722A99009B30DC /* Debug */,
				A51BCEBD22722A99009B30DC /* Release */,
			);
			defaultConfigurationIsVisible = 0;
			defaultConfigurationName = Release;
		};
/* End XCConfigurationList section */
	};
	rootObject = A51BCE9322722A96009B30DC /* Project object */;
}
